
Microsoft Visual Studio Solution File, Format Version 12.00
# Visual Studio Version 17
VisualStudioVersion = 17.0.32014.148
MinimumVisualStudioVersion = 10.0.40219.1
Project("{FAE04EC0-301F-11D3-BF4B-00C04F79EFBC}") = "MyConsoleApp", "MyConsoleApp\MyConsoleApp.csproj", "{BAEA5EF8-B03E-47C9-BE2D-E4E74CAAAA92}"
EndProject
Global
	GlobalSection(SolutionConfigurationPlatforms) = preSolution
		Debug|Any CPU = Debug|Any CPU
		Release|Any CPU = Release|Any CPU
	EndGlobalSection
	GlobalSection(ProjectConfigurationPlatforms) = postSolution
		{BAEA5EF8-B03E-47C9-BE2D-E4E74CAAAA92}.Debug|Any CPU.ActiveCfg = Debug|Any CPU
		{BAEA5EF8-B03E-47C9-BE2D-E4E74CAAAA92}.Debug|Any CPU.Build.0 = Debug|Any CPU
		{BAEA5EF8-B03E-47C9-BE2D-E4E74CAAAA92}.Release|Any CPU.ActiveCfg = Release|Any CPU
		{BAEA5EF8-B03E-47C9-BE2D-E4E74CAAAA92}.Release|Any CPU.Build.0 = Release|Any CPU
	EndGlobalSection
	GlobalSection(SolutionProperties) = preSolution
		HideSolutionNode = FALSE
	EndGlobalSection
	GlobalSection(ExtensibilityGlobals) = postSolution
		SolutionGuid = {F9668C5E-B712-41B5-8D48-71E9B4F1A1FF}
	EndGlobalSection
EndGlobal
